Microsoft Visual Studio Solution File, Format Version 12.00
# Visual Studio Version 17
VisualStudioVersion = 17.5.2.0
MinimumVisualStudioVersion = 10.0.40219.1
Project("{FAE04EC0-301F-11D3-BF4B-00C04F79EFBC}") = "Spillgebees.Blazor.RichTextEditor", "Spillgebees.Blazor.RichTextEditor\Spillgebees.Blazor.RichTextEditor.csproj", "{7AAC7E06-48D7-10D9-7F1D-B61A00D568E0}"
EndProject
Project("{FAE04EC0-301F-11D3-BF4B-00C04F79EFBC}") = "Spillgebees.Blazor.RichTextEditor.Tests", "Spillgebees.Blazor.RichTextEditor.Tests\Spillgebees.Blazor.RichTextEditor.Tests.csproj", "{91AEC6B6-FE6F-0B46-BBE9-AF767D818A49}"
EndProject
Project("{2150E333-8FDC-42A3-9474-1A3956D46DE8}") = "Spillgebees.Blazor.RichTextEditor.Samples", "Spillgebees.Blazor.RichTextEditor.Samples", "{5A1D2E28-4F5F-9568-949E-8929AA934E9E}"
EndProject
Project("{FAE04EC0-301F-11D3-BF4B-00C04F79EFBC}") = "Spillgebees.Blazor.RichTextEditor.Samples.Server", "Spillgebees.Blazor.RichTextEditor.Samples\Spillgebees.Blazor.RichTextEditor.Samples.Server\Spillgebees.Blazor.RichTextEditor.Samples.Server.csproj", "{1333F6A4-02EF-7C06-B7B6-0488DFCCD7C5}"
EndProject
Project("{FAE04EC0-301F-11D3-BF4B-00C04F79EFBC}") = "Spillgebees.Blazor.RichTextEditor.Samples.Shared", "Spillgebees.Blazor.RichTextEditor.Samples\Spillgebees.Blazor.RichTextEditor.Samples.Shared\Spillgebees.Blazor.RichTextEditor.Samples.Shared.csproj", "{EC63A2D8-9AAB-B1CA-D21B-08FD6593D81E}"
EndProject
Project("{FAE04EC0-301F-11D3-BF4B-00C04F79EFBC}") = "Spillgebees.Blazor.RichTextEditor.Samples.Wasm", "Spillgebees.Blazor.RichTextEditor.Samples\Spillgebees.Blazor.RichTextEditor.Samples.Wasm\Spillgebees.Blazor.RichTextEditor.Samples.Wasm.csproj", "{470936F3-CBF3-A8D9-BE5D-A73747C5B3CF}"
EndProject
Project("{FAE04EC0-301F-11D3-BF4B-00C04F79EFBC}") = "Spillgebees.Blazor.RichTextEditor.Samples.WebApp", "Spillgebees.Blazor.RichTextEditor.Samples\Spillgebees.Blazor.RichTextEditor.Samples.WebApp\Spillgebees.Blazor.RichTextEditor.Samples.WebApp.csproj", "{3A0B5913-FED2-BBA9-80B5-4FE48B204288}"
EndProject
Global
	GlobalSection(SolutionConfigurationPlatforms) = preSolution
		Debug|Any CPU = Debug|Any CPU
		Release|Any CPU = Release|Any CPU
	EndGlobalSection
	GlobalSection(ProjectConfigurationPlatforms) = postSolution
		{7AAC7E06-48D7-10D9-7F1D-B61A00D568E0}.Debug|Any CPU.ActiveCfg = Debug|Any CPU
		{7AAC7E06-48D7-10D9-7F1D-B61A00D568E0}.Debug|Any CPU.Build.0 = Debug|Any CPU
		{7AAC7E06-48D7-10D9-7F1D-B61A00D568E0}.Release|Any CPU.ActiveCfg = Release|Any CPU
		{7AAC7E06-48D7-10D9-7F1D-B61A00D568E0}.Release|Any CPU.Build.0 = Release|Any CPU
		{91AEC6B6-FE6F-0B46-BBE9-AF767D818A49}.Debug|Any CPU.ActiveCfg = Debug|Any CPU
		{91AEC6B6-FE6F-0B46-BBE9-AF767D818A49}.Debug|Any CPU.Build.0 = Debug|Any CPU
		{91AEC6B6-FE6F-0B46-BBE9-AF767D818A49}.Release|Any CPU.ActiveCfg = Release|Any CPU
		{91AEC6B6-FE6F-0B46-BBE9-AF767D818A49}.Release|Any CPU.Build.0 = Release|Any CPU
		{1333F6A4-02EF-7C06-B7B6-0488DFCCD7C5}.Debug|Any CPU.ActiveCfg = Debug|Any CPU
		{1333F6A4-02EF-7C06-B7B6-0488DFCCD7C5}.Debug|Any CPU.Build.0 = Debug|Any CPU
		{1333F6A4-02EF-7C06-B7B6-0488DFCCD7C5}.Release|Any CPU.ActiveCfg = Release|Any CPU
		{1333F6A4-02EF-7C06-B7B6-0488DFCCD7C5}.Release|Any CPU.Build.0 = Release|Any CPU
		{EC63A2D8-9AAB-B1CA-D21B-08FD6593D81E}.Debug|Any CPU.ActiveCfg = Debug|Any CPU
		{EC63A2D8-9AAB-B1CA-D21B-08FD6593D81E}.Debug|Any CPU.Build.0 = Debug|Any CPU
		{EC63A2D8-9AAB-B1CA-D21B-08FD6593D81E}.Release|Any CPU.ActiveCfg = Release|Any CPU
		{EC63A2D8-9AAB-B1CA-D21B-08FD6593D81E}.Release|Any CPU.Build.0 = Release|Any CPU
		{470936F3-CBF3-A8D9-BE5D-A73747C5B3CF}.Debug|Any CPU.ActiveCfg = Debug|Any CPU
		{470936F3-CBF3-A8D9-BE5D-A73747C5B3CF}.Debug|Any CPU.Build.0 = Debug|Any CPU
		{470936F3-CBF3-A8D9-BE5D-A73747C5B3CF}.Release|Any CPU.ActiveCfg = Release|Any CPU
		{470936F3-CBF3-A8D9-BE5D-A73747C5B3CF}.Release|Any CPU.Build.0 = Release|Any CPU
		{3A0B5913-FED2-BBA9-80B5-4FE48B204288}.Debug|Any CPU.ActiveCfg = Debug|Any CPU
		{3A0B5913-FED2-BBA9-80B5-4FE48B204288}.Debug|Any CPU.Build.0 = Debug|Any CPU
		{3A0B5913-FED2-BBA9-80B5-4FE48B204288}.Release|Any CPU.ActiveCfg = Release|Any CPU
		{3A0B5913-FED2-BBA9-80B5-4FE48B204288}.Release|Any CPU.Build.0 = Release|Any CPU
	EndGlobalSection
	GlobalSection(SolutionProperties) = preSolution
		HideSolutionNode = FALSE
	EndGlobalSection
	GlobalSection(NestedProjects) = preSolution
		{1333F6A4-02EF-7C06-B7B6-0488DFCCD7C5} = {5A1D2E28-4F5F-9568-949E-8929AA934E9E}
		{EC63A2D8-9AAB-B1CA-D21B-08FD6593D81E} = {5A1D2E28-4F5F-9568-949E-8929AA934E9E}
		{470936F3-CBF3-A8D9-BE5D-A73747C5B3CF} = {5A1D2E28-4F5F-9568-949E-8929AA934E9E}
		{3A0B5913-FED2-BBA9-80B5-4FE48B204288} = {5A1D2E28-4F5F-9568-949E-8929AA934E9E}
	EndGlobalSection
	GlobalSection(ExtensibilityGlobals) = postSolution
		SolutionGuid = {7F41FC43-5374-44A7-A7DE-A9F543157940}
	EndGlobalSection
EndGlobal
